
Microsoft Visual Studio Solution File, Format Version 12.00
# Visual Studio Version 16
VisualStudioVersion = 16.0.32228.343
MinimumVisualStudioVersion = 10.0.40219.1
Project("{FAE04EC0-301F-11D3-BF4B-00C04F79EFBC}") = "ABCVehicleShowroom", "ABCVehicleShowroom\ABCVehicleShowroom.csproj", "{80E4297F-1599-45AE-ABD2-0CBE39DD229D}"
EndProject
Global
	GlobalSection(SolutionConfigurationPlatforms) = preSolution
		Debug|Any CPU = Debug|Any CPU
		Release|Any CPU = Release|Any CPU
	EndGlobalSection
	GlobalSection(ProjectConfigurationPlatforms) = postSolution
		{80E4297F-1599-45AE-ABD2-0CBE39DD229D}.Debug|Any CPU.ActiveCfg = Debug|Any CPU
		{80E4297F-1599-45AE-ABD2-0CBE39DD229D}.Debug|Any CPU.Build.0 = Debug|Any CPU
		{80E4297F-1599-45AE-ABD2-0CBE39DD229D}.Release|Any CPU.ActiveCfg = Release|Any CPU
		{80E4297F-1599-45AE-ABD2-0CBE39DD229D}.Release|Any CPU.Build.0 = Release|Any CPU
	EndGlobalSection
	GlobalSection(SolutionProperties) = preSolution
		HideSolutionNode = FALSE
	EndGlobalSection
	GlobalSection(ExtensibilityGlobals) = postSolution
		SolutionGuid = {8B8C0FEC-9FEA-4CD1-ABB0-D6239381F2D4}
	EndGlobalSection
EndGlobal
